// !$*UTF8*$!
{
	archiveVersion = 1;
	classes = {
	};
	objectVersion = 77;
	objects = {

/* Begin PBXContainerItemProxy section */
		7F614BC12D1C9B9B00782C01 /* PBXContainerItemProxy */ = {
			isa = PBXContainerItemProxy;
			containerPortal = 7F614BA82D1C9B9900782C01 /* Project object */;
			proxyType = 1;
			remoteGlobalIDString = 7F614BAF2D1C9B9900782C01;
			remoteInfo = Quiz3o;
		};
		7F614BCB2D1C9B9B00782C01 /* PBXContainerItemProxy */ = {
			isa = PBXContainerItemProxy;
			containerPortal = 7F614BA82D1C9B9900782C01 /* Project object */;
			proxyType = 1;
			remoteGlobalIDString = 7F614BAF2D1C9B9900782C01;
			remoteInfo = Quiz3o;
		};
/* End PBXContainerItemProxy section */

/* Begin PBXFileReference section */
		7F614BB02D1C9B9900782C01 /* Quiz3o.app */ = {isa = PBXFileReference; explicitFileType = wrapper.application; includeInIndex = 0; path = Quiz3o.app; sourceTree = BUILT_PRODUCTS_DIR; };
		7F614BC02D1C9B9B00782C01 /* Quiz3oTests.xctest */ = {isa = PBXFileReference; explicitFileType = wrapper.cfbundle; includeInIndex = 0; path = Quiz3oTests.xctest; sourceTree = BUILT_PRODUCTS_DIR; };
		7F614BCA2D1C9B9B00782C01 /* Quiz3oUITests.xctest */ = {isa = PBXFileReference; explicitFileType = wrapper.cfbundle; includeInIndex = 0; path = Quiz3oUITests.xctest; sourceTree = BUILT_PRODUCTS_DIR; };
/* End PBXFileReference section */

/* Begin PBXFileSystemSynchronizedRootGroup section */
		7F614BB22D1C9B9900782C01 /* Quiz3o */ = {
			isa = PBXFileSystemSynchronizedRootGroup;
			path = Quiz3o;
			sourceTree = "<group>";
		};
		7F614BC32D1C9B9B00782C01 /* Quiz3oTests */ = {
			isa = PBXFileSystemSynchronizedRootGroup;
			path = Quiz3oTests;
			sourceTree = "<group>";
		};
		7F614BCD2D1C9B9B00782C01 /* Quiz3oUITests */ = {
			isa = PBXFileSystemSynchronizedRootGroup;
			path = Quiz3oUITests;
			sourceTree = "<group>";
		};
/* End PBXFileSystemSynchronizedRootGroup section */

/* Begin PBXFrameworksBuildPhase section */
		7F614BAD2D1C9B9900782C01 /* Frameworks */ = {
			isa = PBXFrameworksBuildPhase;
			buildActionMask = 2147483647;
			files = (
			);
			runOnlyForDeploymentPostprocessing = 0;
		};
		7F614BBD2D1C9B9B00782C01 /* Frameworks */ = {
			isa = PBXFrameworksBuildPhase;
			buildActionMask = 2147483647;
			files = (
			);
			runOnlyForDeploymentPostprocessing = 0;
		};
		7F614BC72D1C9B9B00782C01 /* Frameworks */ = {
			isa = PBXFrameworksBuildPhase;
			buildActionMask = 2147483647;
			files = (
			);
			runOnlyForDeploymentPostprocessing = 0;
		};
/* End PBXFrameworksBuildPhase section */

/* Begin PBXGroup section */
		7F614BA72D1C9B9900782C01 = {
			isa = PBXGroup;
			children = (
				7F614BB22D1C9B9900782C01 /* Quiz3o */,
				7F614BC32D1C9B9B00782C01 /* Quiz3oTests */,
				7F614BCD2D1C9B9B00782C01 /* Quiz3oUITests */,
				7F614BB12D1C9B9900782C01 /* Products */,
			);
			sourceTree = "<group>";
		};
		7F614BB12D1C9B9900782C01 /* Products */ = {
			isa = PBXGroup;
			children = (
				7F614BB02D1C9B9900782C01 /* Quiz3o.app */,
				7F614BC02D1C9B9B00782C01 /* Quiz3oTests.xctest */,
				7F614BCA2D1C9B9B00782C01 /* Quiz3oUITests.xctest */,
			);
			name = Products;
			sourceTree = "<group>";
		};
/* End PBXGroup section */

/* Begin PBXNativeTarget section */
		7F614BAF2D1C9B9900782C01 /* Quiz3o */ = {
			isa = PBXNativeTarget;
			buildConfigurationList = 7F614BD42D1C9B9B00782C01 /* Build configuration list for PBXNativeTarget "Quiz3o" */;
			buildPhases = (
				7F614BAC2D1C9B9900782C01 /* Sources */,
				7F614BAD2D1C9B9900782C01 /* Frameworks */,
				7F614BAE2D1C9B9900782C01 /* Resources */,
			);
			buildRules = (
			);
			dependencies = (
			);
			fileSystemSynchronizedGroups = (
				7F614BB22D1C9B9900782C01 /* Quiz3o */,
			);
			name = Quiz3o;
			packageProductDependencies = (
			);
			productName = Quiz3o;
			productReference = 7F614BB02D1C9B9900782C01 /* Quiz3o.app */;
			productType = "com.apple.product-type.application";
		};
		7F614BBF2D1C9B9B00782C01 /* Quiz3oTests */ = {
			isa = PBXNativeTarget;
			buildConfigurationList = 7F614BD72D1C9B9B00782C01 /* Build configuration list for PBXNativeTarget "Quiz3oTests" */;
			buildPhases = (
				7F614BBC2D1C9B9B00782C01 /* Sources */,
				7F614BBD2D1C9B9B00782C01 /* Frameworks */,
				7F614BBE2D1C9B9B00782C01 /* Resources */,
			);
			buildRules = (
			);
			dependencies = (
				7F614BC22D1C9B9B00782C01 /* PBXTargetDependency */,
			);
			fileSystemSynchronizedGroups = (
				7F614BC32D1C9B9B00782C01 /* Quiz3oTests */,
			);
			name = Quiz3oTests;
			packageProductDependencies = (
			);
			productName = Quiz3oTests;
			productReference = 7F614BC02D1C9B9B00782C01 /* Quiz3oTests.xctest */;
			productType = "com.apple.product-type.bundle.unit-test";
		};
		7F614BC92D1C9B9B00782C01 /* Quiz3oUITests */ = {
			isa = PBXNativeTarget;
			buildConfigurationList = 7F614BDA2D1C9B9B00782C01 /* Build configuration list for PBXNativeTarget "Quiz3oUITests" */;
			buildPhases = (
				7F614BC62D1C9B9B00782C01 /* Sources */,
				7F614BC72D1C9B9B00782C01 /* Frameworks */,
				7F614BC82D1C9B9B00782C01 /* Resources */,
			);
			buildRules = (
			);
			dependencies = (
				7F614BCC2D1C9B9B00782C01 /* PBXTargetDependency */,
			);
			fileSystemSynchronizedGroups = (
				7F614BCD2D1C9B9B00782C01 /* Quiz3oUITests */,
			);
			name = Quiz3oUITests;
			packageProductDependencies = (
			);
			productName = Quiz3oUITests;
			productReference = 7F614BCA2D1C9B9B00782C01 /* Quiz3oUITests.xctest */;
			productType = "com.apple.product-type.bundle.ui-testing";
		};
/* End PBXNativeTarget section */

/* Begin PBXProject section */
		7F614BA82D1C9B9900782C01 /* Project object */ = {
			isa = PBXProject;
			attributes = {
				BuildIndependentTargetsInParallel = 1;
				LastSwiftUpdateCheck = 1620;
				LastUpgradeCheck = 1620;
				TargetAttributes = {
					7F614BAF2D1C9B9900782C01 = {
						CreatedOnToolsVersion = 16.2;
					};
					7F614BBF2D1C9B9B00782C01 = {
						CreatedOnToolsVersion = 16.2;
						TestTargetID = 7F614BAF2D1C9B9900782C01;
					};
					7F614BC92D1C9B9B00782C01 = {
						CreatedOnToolsVersion = 16.2;
						TestTargetID = 7F614BAF2D1C9B9900782C01;
					};
				};
			};
			buildConfigurationList = 7F614BAB2D1C9B9900782C01 /* Build configuration list for PBXProject "Quiz3o" */;
			developmentRegion = en;
			hasScannedForEncodings = 0;
			knownRegions = (
				en,
				Base,
			);
			mainGroup = 7F614BA72D1C9B9900782C01;
			minimizedProjectReferenceProxies = 1;
			preferredProjectObjectVersion = 77;
			productRefGroup = 7F614BB12D1C9B9900782C01 /* Products */;
			projectDirPath = "";
			projectRoot = "";
			targets = (
				7F614BAF2D1C9B9900782C01 /* Quiz3o */,
				7F614BBF2D1C9B9B00782C01 /* Quiz3oTests */,
				7F614BC92D1C9B9B00782C01 /* Quiz3oUITests */,
			);
		};
/* End PBXProject section */

/* Begin PBXResourcesBuildPhase section */
		7F614BAE2D1C9B9900782C01 /* Resources */ = {
			isa = PBXResourcesBuildPhase;
			buildActionMask = 2147483647;
			files = (
			);
			runOnlyForDeploymentPostprocessing = 0;
		};
		7F614BBE2D1C9B9B00782C01 /* Resources */ = {
			isa = PBXResourcesBuildPhase;
			buildActionMask = 2147483647;
			files = (
			);
			runOnlyForDeploymentPostprocessing = 0;
		};
		7F614BC82D1C9B9B00782C01 /* Resources */ = {
			isa = PBXResourcesBuildPhase;
			buildActionMask = 2147483647;
			files = (
			);
			runOnlyForDeploymentPostprocessing = 0;
		};
/* End PBXResourcesBuildPhase section */

/* Begin PBXSourcesBuildPhase section */
		7F614BAC2D1C9B9900782C01 /* Sources */ = {
			isa = PBXSourcesBuildPhase;
			buildActionMask = 2147483647;
			files = (
			);
			runOnlyForDeploymentPostprocessing = 0;
		};
		7F614BBC2D1C9B9B00782C01 /* Sources */ = {
			isa = PBXSourcesBuildPhase;
			buildActionMask = 2147483647;
			files = (
			);
			runOnlyForDeploymentPostprocessing = 0;
		};
		7F614BC62D1C9B9B00782C01 /* Sources */ = {
			isa = PBXSourcesBuildPhase;
			buildActionMask = 2147483647;
			files = (
			);
			runOnlyForDeploymentPostprocessing = 0;
		};
/* End PBXSourcesBuildPhase section */

/* Begin PBXTargetDependency section */
		7F614BC22D1C9B9B00782C01 /* PBXTargetDependency */ = {
			isa = PBXTargetDependency;
			target = 7F614BAF2D1C9B9900782C01 /* Quiz3o */;
			targetProxy = 7F614BC12D1C9B9B00782C01 /* PBXContainerItemProxy */;
		};
		7F614BCC2D1C9B9B00782C01 /* PBXTargetDependency */ = {
			isa = PBXTargetDependency;
			target = 7F614BAF2D1C9B9900782C01 /* Quiz3o */;
			targetProxy = 7F614BCB2D1C9B9B00782C01 /* PBXContainerItemProxy */;
		};
/* End PBXTargetDependency section */

/* Begin XCBuildConfiguration section */
		7F614BD22D1C9B9B00782C01 /* Debug */ = {
			isa = XCBuildConfiguration;
			buildSettings = {
				ALWAYS_SEARCH_USER_PATHS = NO;
				ASSETCATALOG_COMPILER_GENERATE_SWIFT_ASSET_SYMBOL_EXTENSIONS = YES;
				CLANG_ANALYZER_NONNULL = YES;
				CLANG_ANALYZER_NUMBER_OBJECT_CONVERSION = YES_AGGRESSIVE;
				CLANG_CXX_LANGUAGE_STANDARD = "gnu++20";
				CLANG_ENABLE_MODULES = YES;
				CLANG_ENABLE_OBJC_ARC = YES;
				CLANG_ENABLE_OBJC_WEAK = YES;
				CLANG_WARN_BLOCK_CAPTURE_AUTORELEASING = YES;
				CLANG_WARN_BOOL_CONVERSION = YES;
				CLANG_WARN_COMMA = YES;
				CLANG_WARN_CONSTANT_CONVERSION = YES;
				CLANG_WARN_DEPRECATED_OBJC_IMPLEMENTATIONS = YES;
				CLANG_WARN_DIRECT_OBJC_ISA_USAGE = YES_ERROR;
				CLANG_WARN_DOCUMENTATION_COMMENTS = YES;
				CLANG_WARN_EMPTY_BODY = YES;
				CLANG_WARN_ENUM_CONVERSION = YES;
				CLANG_WARN_INFINITE_RECURSION = YES;
				CLANG_WARN_INT_CONVERSION = YES;
				CLANG_WARN_NON_LITERAL_NULL_CONVERSION = YES;
				CLANG_WARN_OBJC_IMPLICIT_RETAIN_SELF = YES;
				CLANG_WARN_OBJC_LITERAL_CONVERSION = YES;
				CLANG_WARN_OBJC_ROOT_CLASS = YES_ERROR;
				CLANG_WARN_QUOTED_INCLUDE_IN_FRAMEWORK_HEADER = YES;
				CLANG_WARN_RANGE_LOOP_ANALYSIS = YES;
				CLANG_WARN_STRICT_PROTOTYPES = YES;
				CLANG_WARN_SUSPICIOUS_MOVE = YES;
				CLANG_WARN_UNGUARDED_AVAILABILITY = YES_AGGRESSIVE;
				CLANG_WARN_UNREACHABLE_CODE = YES;
				CLANG_WARN__DUPLICATE_METHOD_MATCH = YES;
				COPY_PHASE_STRIP = NO;
				DEBUG_INFORMATION_FORMAT = dwarf;
				ENABLE_STRICT_OBJC_MSGSEND = YES;
				ENABLE_TESTABILITY = YES;
				ENABLE_USER_SCRIPT_SANDBOXING = YES;
				GCC_C_LANGUAGE_STANDARD = gnu17;
				GCC_DYNAMIC_NO_PIC = NO;
				GCC_NO_COMMON_BLOCKS = YES;
				GCC_OPTIMIZATION_LEVEL = 0;
				GCC_PREPROCESSOR_DEFINITIONS = (
					"DEBUG=1",
					"$(inherited)",
				);
				GCC_WARN_64_TO_32_BIT_CONVERSION = YES;
				GCC_WARN_ABOUT_RETURN_TYPE = YES_ERROR;
				GCC_WARN_UNDECLARED_SELECTOR = YES;
				GCC_WARN_UNINITIALIZED_AUTOS = YES_AGGRESSIVE;
				GCC_WARN_UNUSED_FUNCTION = YES;
				GCC_WARN_UNUSED_VARIABLE = YES;
				IPHONEOS_DEPLOYMENT_TARGET = 18.2;
				LOCALIZATION_PREFERS_STRING_CATALOGS = YES;
				MTL_ENABLE_DEBUG_INFO = INCLUDE_SOURCE;
				MTL_FAST_MATH = YES;
				ONLY_ACTIVE_ARCH = YES;
				SDKROOT = iphoneos;
				SWIFT_ACTIVE_COMPILATION_CONDITIONS = "DEBUG $(inherited)";
				SWIFT_OPTIMIZATION_LEVEL = "-Onone";
			};
			name = Debug;
		};
		7F614BD32D1C9B9B00782C01 /* Release */ = {
			isa = XCBuildConfiguration;
			buildSettings = {
				ALWAYS_SEARCH_USER_PATHS = NO;
				ASSETCATALOG_COMPILER_GENERATE_SWIFT_ASSET_SYMBOL_EXTENSIONS = YES;
				CLANG_ANALYZER_NONNULL = YES;
				CLANG_ANALYZER_NUMBER_OBJECT_CONVERSION = YES_AGGRESSIVE;
				CLANG_CXX_LANGUAGE_STANDARD = "gnu++20";
				CLANG_ENABLE_MODULES = YES;
				CLANG_ENABLE_OBJC_ARC = YES;
				CLANG_ENABLE_OBJC_WEAK = YES;
				CLANG_WARN_BLOCK_CAPTURE_AUTORELEASING = YES;
				CLANG_WARN_BOOL_CONVERSION = YES;
				CLANG_WARN_COMMA = YES;
				CLANG_WARN_CONSTANT_CONVERSION = YES;
				CLANG_WARN_DEPRECATED_OBJC_IMPLEMENTATIONS = YES;
				CLANG_WARN_DIRECT_OBJC_ISA_USAGE = YES_ERROR;
				CLANG_WARN_DOCUMENTATION_COMMENTS = YES;
				CLANG_WARN_EMPTY_BODY = YES;
				CLANG_WARN_ENUM_CONVERSION = YES;
				CLANG_WARN_INFINITE_RECURSION = YES;
				CLANG_WARN_INT_CONVERSION = YES;
				CLANG_WARN_NON_LITERAL_NULL_CONVERSION = YES;
				CLANG_WARN_OBJC_IMPLICIT_RETAIN_SELF = YES;
				CLANG_WARN_OBJC_LITERAL_CONVERSION = YES;
				CLANG_WARN_OBJC_ROOT_CLASS = YES_ERROR;
				CLANG_WARN_QUOTED_INCLUDE_IN_FRAMEWORK_HEADER = YES;
				CLANG_WARN_RANGE_LOOP_ANALYSIS = YES;
				CLANG_WARN_STRICT_PROTOTYPES = YES;
				CLANG_WARN_SUSPICIOUS_MOVE = YES;
				CLANG_WARN_UNGUARDED_AVAILABILITY = YES_AGGRESSIVE;
				CLANG_WARN_UNREACHABLE_CODE = YES;
				CLANG_WARN__DUPLICATE_METHOD_MATCH = YES;
				COPY_PHASE_STRIP = NO;
				DEBUG_INFORMATION_FORMAT = "dwarf-with-dsym";
				ENABLE_NS_ASSERTIONS = NO;
				ENABLE_STRICT_OBJC_MSGSEND = YES;
				ENABLE_USER_SCRIPT_SANDBOXING = YES;
				GCC_C_LANGUAGE_STANDARD = gnu17;
				GCC_NO_COMMON_BLOCKS = YES;
				GCC_WARN_64_TO_32_BIT_CONVERSION = YES;
				GCC_WARN_ABOUT_RETURN_TYPE = YES_ERROR;
				GCC_WARN_UNDECLARED_SELECTOR = YES;
				GCC_WARN_UNINITIALIZED_AUTOS = YES_AGGRESSIVE;
				GCC_WARN_UNUSED_FUNCTION = YES;
				GCC_WARN_UNUSED_VARIABLE = YES;
				IPHONEOS_DEPLOYMENT_TARGET = 18.2;
				LOCALIZATION_PREFERS_STRING_CATALOGS = YES;
				MTL_ENABLE_DEBUG_INFO = NO;
				MTL_FAST_MATH = YES;
				SDKROOT = iphoneos;
				SWIFT_COMPILATION_MODE = wholemodule;
				VALIDATE_PRODUCT = YES;
			};
			name = Release;
		};
		7F614BD52D1C9B9B00782C01 /* Debug */ = {
			isa = XCBuildConfiguration;
			buildSettings = {
				ASSETCATALOG_COMPILER_APPICON_NAME = AppIcon;
				ASSETCATALOG_COMPILER_GLOBAL_ACCENT_COLOR_NAME = AccentColor;
				CODE_SIGN_STYLE = Automatic;
				CURRENT_PROJECT_VERSION = 1;
				DEVELOPMENT_ASSET_PATHS = "\"Quiz3o/Preview Content\"";
				DEVELOPMENT_TEAM = RHAZ79ZLGM;
				ENABLE_PREVIEWS = YES;
				GENERATE_INFOPLIST_FILE = YES;
				INFOPLIST_KEY_CFBundleDisplayName = Quiz3o;
				INFOPLIST_KEY_UIApplicationSceneManifest_Generation = YES;
				INFOPLIST_KEY_UIApplicationSupportsIndirectInputEvents = YES;
				INFOPLIST_KEY_UILaunchScreen_Generation = YES;
				INFOPLIST_KEY_UISupportedInterfaceOrientations_iPad = "UIInterfaceOrientationPortrait UIInterfaceOrientationPortraitUpsideDown UIInterfaceOrientationLandscapeLeft UIInterfaceOrientationLandscapeRight";
				INFOPLIST_KEY_UISupportedInterfaceOrientations_iPhone = "UIInterfaceOrientationPortrait UIInterfaceOrientationLandscapeLeft UIInterfaceOrientationLandscapeRight";
				LD_RUNPATH_SEARCH_PATHS = (
					"$(inherited)",
					"@executable_path/Frameworks",
				);
				MARKETING_VERSION = 1.0;
				PRODUCT_BUNDLE_IDENTIFIER = alled.Quiz3o;
				PRODUCT_NAME = "$(TARGET_NAME)";
				SWIFT_EMIT_LOC_STRINGS = YES;
				SWIFT_VERSION = 5.0;
				TARGETED_DEVICE_FAMILY = "1,2";
			};
			name = Debug;
		};
		7F614BD62D1C9B9B00782C01 /* Release */ = {
			isa = XCBuildConfiguration;
			buildSettings = {
				ASSETCATALOG_COMPILER_APPICON_NAME = AppIcon;
				ASSETCATALOG_COMPILER_GLOBAL_ACCENT_COLOR_NAME = AccentColor;
				CODE_SIGN_STYLE = Automatic;
				CURRENT_PROJECT_VERSION = 1;
				DEVELOPMENT_ASSET_PATHS = "\"Quiz3o/Preview Content\"";
				DEVELOPMENT_TEAM = RHAZ79ZLGM;
				ENABLE_PREVIEWS = YES;
				GENERATE_INFOPLIST_FILE = YES;
				INFOPLIST_KEY_CFBundleDisplayName = Quiz3o;
				INFOPLIST_KEY_UIApplicationSceneManifest_Generation = YES;
				INFOPLIST_KEY_UIApplicationSupportsIndirectInputEvents = YES;
				INFOPLIST_KEY_UILaunchScreen_Generation = YES;
				INFOPLIST_KEY_UISupportedInterfaceOrientations_iPad = "UIInterfaceOrientationPortrait UIInterfaceOrientationPortraitUpsideDown UIInterfaceOrientationLandscapeLeft UIInterfaceOrientationLandscapeRight";
				INFOPLIST_KEY_UISupportedInterfaceOrientations_iPhone = "UIInterfaceOrientationPortrait UIInterfaceOrientationLandscapeLeft UIInterfaceOrientationLandscapeRight";
				LD_RUNPATH_SEARCH_PATHS = (
					"$(inherited)",
					"@executable_path/Frameworks",
				);
				MARKETING_VERSION = 1.0;
				PRODUCT_BUNDLE_IDENTIFIER = alled.Quiz3o;
				PRODUCT_NAME = "$(TARGET_NAME)";
				SWIFT_EMIT_LOC_STRINGS = YES;
				SWIFT_VERSION = 5.0;
				TARGETED_DEVICE_FAMILY = "1,2";
			};
			name = Release;
		};
		7F614BD82D1C9B9B00782C01 /* Debug */ = {
			isa = XCBuildConfiguration;
			buildSettings = {
				BUNDLE_LOADER = "$(TEST_HOST)";
				CODE_SIGN_STYLE = Automatic;
				CURRENT_PROJECT_VERSION = 1;
				DEVELOPMENT_TEAM = RHAZ79ZLGM;
				GENERATE_INFOPLIST_FILE = YES;
				IPHONEOS_DEPLOYMENT_TARGET = 18.2;
				MARKETING_VERSION = 1.0;
				PRODUCT_BUNDLE_IDENTIFIER = alled.Quiz3oTests;
				PRODUCT_NAME = "$(TARGET_NAME)";
				SWIFT_EMIT_LOC_STRINGS = NO;
				SWIFT_VERSION = 5.0;
				TARGETED_DEVICE_FAMILY = "1,2";
				TEST_HOST = "$(BUILT_PRODUCTS_DIR)/Quiz3o.app/$(BUNDLE_EXECUTABLE_FOLDER_PATH)/Quiz3o";
			};
			name = Debug;
		};
		7F614BD92D1C9B9B00782C01 /* Release */ = {
			isa = XCBuildConfiguration;
			buildSettings = {
				BUNDLE_LOADER = "$(TEST_HOST)";
				CODE_SIGN_STYLE = Automatic;
				CURRENT_PROJECT_VERSION = 1;
				DEVELOPMENT_TEAM = RHAZ79ZLGM;
				GENERATE_INFOPLIST_FILE = YES;
				IPHONEOS_DEPLOYMENT_TARGET = 18.2;
				MARKETING_VERSION = 1.0;
				PRODUCT_BUNDLE_IDENTIFIER = alled.Quiz3oTests;
				PRODUCT_NAME = "$(TARGET_NAME)";
				SWIFT_EMIT_LOC_STRINGS = NO;
				SWIFT_VERSION = 5.0;
				TARGETED_DEVICE_FAMILY = "1,2";
				TEST_HOST = "$(BUILT_PRODUCTS_DIR)/Quiz3o.app/$(BUNDLE_EXECUTABLE_FOLDER_PATH)/Quiz3o";
			};
			name = Release;
		};
		7F614BDB2D1C9B9B00782C01 /* Debug */ = {
			isa = XCBuildConfiguration;
			buildSettings = {
				CODE_SIGN_STYLE = Automatic;
				CURRENT_PROJECT_VERSION = 1;
				DEVELOPMENT_TEAM = RHAZ79ZLGM;
				GENERATE_INFOPLIST_FILE = YES;
				MARKETING_VERSION = 1.0;
				PRODUCT_BUNDLE_IDENTIFIER = alled.Quiz3oUITests;
				PRODUCT_NAME = "$(TARGET_NAME)";
				SWIFT_EMIT_LOC_STRINGS = NO;
				SWIFT_VERSION = 5.0;
				TARGETED_DEVICE_FAMILY = "1,2";
				TEST_TARGET_NAME = Quiz3o;
			};
			name = Debug;
		};
		7F614BDC2D1C9B9B00782C01 /* Release */ = {
			isa = XCBuildConfiguration;
			buildSettings = {
				CODE_SIGN_STYLE = Automatic;
				CURRENT_PROJECT_VERSION = 1;
				DEVELOPMENT_TEAM = RHAZ79ZLGM;
				GENERATE_INFOPLIST_FILE = YES;
				MARKETING_VERSION = 1.0;
				PRODUCT_BUNDLE_IDENTIFIER = alled.Quiz3oUITests;
				PRODUCT_NAME = "$(TARGET_NAME)";
				SWIFT_EMIT_LOC_STRINGS = NO;
				SWIFT_VERSION = 5.0;
				TARGETED_DEVICE_FAMILY = "1,2";
				TEST_TARGET_NAME = Quiz3o;
			};
			name = Release;
		};
/* End XCBuildConfiguration section */

/* Begin XCConfigurationList section */
		7F614BAB2D1C9B9900782C01 /* Build configuration list for PBXProject "Quiz3o" */ = {
			isa = XCConfigurationList;
			buildConfigurations = (
				7F614BD22D1C9B9B00782C01 /* Debug */,
				7F614BD32D1C9B9B00782C01 /* Release */,
			);
			defaultConfigurationIsVisible = 0;
			defaultConfigurationName = Release;
		};
		7F614BD42D1C9B9B00782C01 /* Build configuration list for PBXNativeTarget "Quiz3o" */ = {
			isa = XCConfigurationList;
			buildConfigurations = (
				7F614BD52D1C9B9B00782C01 /* Debug */,
				7F614BD62D1C9B9B00782C01 /* Release */,
			);
			defaultConfigurationIsVisible = 0;
			defaultConfigurationName = Release;
		};
		7F614BD72D1C9B9B00782C01 /* Build configuration list for PBXNativeTarget "Quiz3oTests" */ = {
			isa = XCConfigurationList;
			buildConfigurations = (
				7F614BD82D1C9B9B00782C01 /* Debug */,
				7F614BD92D1C9B9B00782C01 /* Release */,
			);
			defaultConfigurationIsVisible = 0;
			defaultConfigurationName = Release;
		};
		7F614BDA2D1C9B9B00782C01 /* Build configuration list for PBXNativeTarget "Quiz3oUITests" */ = {
			isa = XCConfigurationList;
			buildConfigurations = (
				7F614BDB2D1C9B9B00782C01 /* Debug */,
				7F614BDC2D1C9B9B00782C01 /* Release */,
			);
			defaultConfigurationIsVisible = 0;
			defaultConfigurationName = Release;
		};
/* End XCConfigurationList section */
	};
	rootObject = 7F614BA82D1C9B9900782C01 /* Project object */;
}
